// !$*UTF8*$!
{
	archiveVersion = 1;
	classes = {
	};
	objectVersion = 77;
	objects = {

/* Begin PBXContainerItemProxy section */
		11470E0A2E3FC73A00DEF4F7 /* PBXContainerItemProxy */ = {
			isa = PBXContainerItemProxy;
			containerPortal = 11470DEF2E3FC73900DEF4F7 /* Project object */;
			proxyType = 1;
			remoteGlobalIDString = 11470DF62E3FC73900DEF4F7;
			remoteInfo = "ADHD Mind Companion";
		};
		11470E142E3FC73A00DEF4F7 /* PBXContainerItemProxy */ = {
			isa = PBXContainerItemProxy;
			containerPortal = 11470DEF2E3FC73900DEF4F7 /* Project object */;
			proxyType = 1;
			remoteGlobalIDString = 11470DF62E3FC73900DEF4F7;
			remoteInfo = "ADHD Mind Companion";
		};
/* End PBXContainerItemProxy section */

/* Begin PBXFileReference section */
		11470DF72E3FC73900DEF4F7 /* ADHD Mind Companion.app */ = {isa = PBXFileReference; explicitFileType = wrapper.application; includeInIndex = 0; path = "ADHD Mind Companion.app"; sourceTree = BUILT_PRODUCTS_DIR; };
		11470E092E3FC73A00DEF4F7 /* ADHD Mind CompanionTests.xctest */ = {isa = PBXFileReference; explicitFileType = wrapper.cfbundle; includeInIndex = 0; path = "ADHD Mind CompanionTests.xctest"; sourceTree = BUILT_PRODUCTS_DIR; };
		11470E132E3FC73A00DEF4F7 /* ADHD Mind CompanionUITests.xctest */ = {isa = PBXFileReference; explicitFileType = wrapper.cfbundle; includeInIndex = 0; path = "ADHD Mind CompanionUITests.xctest"; sourceTree = BUILT_PRODUCTS_DIR; };
/* End PBXFileReference section */

/* Begin PBXFileSystemSynchronizedRootGroup section */
		11470DF92E3FC73900DEF4F7 /* ADHD Mind Companion */ = {
			isa = PBXFileSystemSynchronizedRootGroup;
			path = "ADHD Mind Companion";
			sourceTree = "<group>";
		};
		11470E0C2E3FC73A00DEF4F7 /* ADHD Mind CompanionTests */ = {
			isa = PBXFileSystemSynchronizedRootGroup;
			path = "ADHD Mind CompanionTests";
			sourceTree = "<group>";
		};
		11470E162E3FC73A00DEF4F7 /* ADHD Mind CompanionUITests */ = {
			isa = PBXFileSystemSynchronizedRootGroup;
			path = "ADHD Mind CompanionUITests";
			sourceTree = "<group>";
		};
/* End PBXFileSystemSynchronizedRootGroup section */

/* Begin PBXFrameworksBuildPhase section */
		11470DF42E3FC73900DEF4F7 /* Frameworks */ = {
			isa = PBXFrameworksBuildPhase;
			buildActionMask = 2147483647;
			files = (
			);
			runOnlyForDeploymentPostprocessing = 0;
		};
		11470E062E3FC73A00DEF4F7 /* Frameworks */ = {
			isa = PBXFrameworksBuildPhase;
			buildActionMask = 2147483647;
			files = (
			);
			runOnlyForDeploymentPostprocessing = 0;
		};
		11470E102E3FC73A00DEF4F7 /* Frameworks */ = {
			isa = PBXFrameworksBuildPhase;
			buildActionMask = 2147483647;
			files = (
			);
			runOnlyForDeploymentPostprocessing = 0;
		};
/* End PBXFrameworksBuildPhase section */

/* Begin PBXGroup section */
		11470DEE2E3FC73900DEF4F7 = {
			isa = PBXGroup;
			children = (
				11470DF92E3FC73900DEF4F7 /* ADHD Mind Companion */,
				11470E0C2E3FC73A00DEF4F7 /* ADHD Mind CompanionTests */,
				11470E162E3FC73A00DEF4F7 /* ADHD Mind CompanionUITests */,
				11470DF82E3FC73900DEF4F7 /* Products */,
			);
			sourceTree = "<group>";
		};
		11470DF82E3FC73900DEF4F7 /* Products */ = {
			isa = PBXGroup;
			children = (
				11470DF72E3FC73900DEF4F7 /* ADHD Mind Companion.app */,
				11470E092E3FC73A00DEF4F7 /* ADHD Mind CompanionTests.xctest */,
				11470E132E3FC73A00DEF4F7 /* ADHD Mind CompanionUITests.xctest */,
			);
			name = Products;
			sourceTree = "<group>";
		};
/* End PBXGroup section */

/* Begin PBXNativeTarget section */
		11470DF62E3FC73900DEF4F7 /* ADHD Mind Companion */ = {
			isa = PBXNativeTarget;
			buildConfigurationList = 11470E1D2E3FC73A00DEF4F7 /* Build configuration list for PBXNativeTarget "ADHD Mind Companion" */;
			buildPhases = (
				11470DF32E3FC73900DEF4F7 /* Sources */,
				11470DF42E3FC73900DEF4F7 /* Frameworks */,
				11470DF52E3FC73900DEF4F7 /* Resources */,
			);
			buildRules = (
			);
			dependencies = (
			);
			fileSystemSynchronizedGroups = (
				11470DF92E3FC73900DEF4F7 /* ADHD Mind Companion */,
			);
			name = "ADHD Mind Companion";
			packageProductDependencies = (
			);
			productName = "ADHD Mind Companion";
			productReference = 11470DF72E3FC73900DEF4F7 /* ADHD Mind Companion.app */;
			productType = "com.apple.product-type.application";
		};
		11470E082E3FC73A00DEF4F7 /* ADHD Mind CompanionTests */ = {
			isa = PBXNativeTarget;
			buildConfigurationList = 11470E202E3FC73A00DEF4F7 /* Build configuration list for PBXNativeTarget "ADHD Mind CompanionTests" */;
			buildPhases = (
				11470E052E3FC73A00DEF4F7 /* Sources */,
				11470E062E3FC73A00DEF4F7 /* Frameworks */,
				11470E072E3FC73A00DEF4F7 /* Resources */,
			);
			buildRules = (
			);
			dependencies = (
				11470E0B2E3FC73A00DEF4F7 /* PBXTargetDependency */,
			);
			fileSystemSynchronizedGroups = (
				11470E0C2E3FC73A00DEF4F7 /* ADHD Mind CompanionTests */,
			);
			name = "ADHD Mind CompanionTests";
			packageProductDependencies = (
			);
			productName = "ADHD Mind CompanionTests";
			productReference = 11470E092E3FC73A00DEF4F7 /* ADHD Mind CompanionTests.xctest */;
			productType = "com.apple.product-type.bundle.unit-test";
		};
		11470E122E3FC73A00DEF4F7 /* ADHD Mind CompanionUITests */ = {
			isa = PBXNativeTarget;
			buildConfigurationList = 11470E232E3FC73A00DEF4F7 /* Build configuration list for PBXNativeTarget "ADHD Mind CompanionUITests" */;
			buildPhases = (
				11470E0F2E3FC73A00DEF4F7 /* Sources */,
				11470E102E3FC73A00DEF4F7 /* Frameworks */,
				11470E112E3FC73A00DEF4F7 /* Resources */,
			);
			buildRules = (
			);
			dependencies = (
				11470E152E3FC73A00DEF4F7 /* PBXTargetDependency */,
			);
			fileSystemSynchronizedGroups = (
				11470E162E3FC73A00DEF4F7 /* ADHD Mind CompanionUITests */,
			);
			name = "ADHD Mind CompanionUITests";
			packageProductDependencies = (
			);
			productName = "ADHD Mind CompanionUITests";
			productReference = 11470E132E3FC73A00DEF4F7 /* ADHD Mind CompanionUITests.xctest */;
			productType = "com.apple.product-type.bundle.ui-testing";
		};
/* End PBXNativeTarget section */

/* Begin PBXProject section */
		11470DEF2E3FC73900DEF4F7 /* Project object */ = {
			isa = PBXProject;
			attributes = {
				BuildIndependentTargetsInParallel = 1;
				LastSwiftUpdateCheck = 1640;
				LastUpgradeCheck = 1640;
				TargetAttributes = {
					11470DF62E3FC73900DEF4F7 = {
						CreatedOnToolsVersion = 16.4;
					};
					11470E082E3FC73A00DEF4F7 = {
						CreatedOnToolsVersion = 16.4;
						TestTargetID = 11470DF62E3FC73900DEF4F7;
					};
					11470E122E3FC73A00DEF4F7 = {
						CreatedOnToolsVersion = 16.4;
						TestTargetID = 11470DF62E3FC73900DEF4F7;
					};
				};
			};
			buildConfigurationList = 11470DF22E3FC73900DEF4F7 /* Build configuration list for PBXProject "ADHD Mind Companion" */;
			developmentRegion = en;
			hasScannedForEncodings = 0;
			knownRegions = (
				en,
				Base,
			);
			mainGroup = 11470DEE2E3FC73900DEF4F7;
			minimizedProjectReferenceProxies = 1;
			preferredProjectObjectVersion = 77;
			productRefGroup = 11470DF82E3FC73900DEF4F7 /* Products */;
			projectDirPath = "";
			projectRoot = "";
			targets = (
				11470DF62E3FC73900DEF4F7 /* ADHD Mind Companion */,
				11470E082E3FC73A00DEF4F7 /* ADHD Mind CompanionTests */,
				11470E122E3FC73A00DEF4F7 /* ADHD Mind CompanionUITests */,
			);
		};
/* End PBXProject section */

/* Begin PBXResourcesBuildPhase section */
		11470DF52E3FC73900DEF4F7 /* Resources */ = {
			isa = PBXResourcesBuildPhase;
			buildActionMask = 2147483647;
			files = (
			);
			runOnlyForDeploymentPostprocessing = 0;
		};
		11470E072E3FC73A00DEF4F7 /* Resources */ = {
			isa = PBXResourcesBuildPhase;
			buildActionMask = 2147483647;
			files = (
			);
			runOnlyForDeploymentPostprocessing = 0;
		};
		11470E112E3FC73A00DEF4F7 /* Resources */ = {
			isa = PBXResourcesBuildPhase;
			buildActionMask = 2147483647;
			files = (
			);
			runOnlyForDeploymentPostprocessing = 0;
		};
/* End PBXResourcesBuildPhase section */

/* Begin PBXSourcesBuildPhase section */
		11470DF32E3FC73900DEF4F7 /* Sources */ = {
			isa = PBXSourcesBuildPhase;
			buildActionMask = 2147483647;
			files = (
			);
			runOnlyForDeploymentPostprocessing = 0;
		};
		11470E052E3FC73A00DEF4F7 /* Sources */ = {
			isa = PBXSourcesBuildPhase;
			buildActionMask = 2147483647;
			files = (
			);
			runOnlyForDeploymentPostprocessing = 0;
		};
		11470E0F2E3FC73A00DEF4F7 /* Sources */ = {
			isa = PBXSourcesBuildPhase;
			buildActionMask = 2147483647;
			files = (
			);
			runOnlyForDeploymentPostprocessing = 0;
		};
/* End PBXSourcesBuildPhase section */

/* Begin PBXTargetDependency section */
		11470E0B2E3FC73A00DEF4F7 /* PBXTargetDependency */ = {
			isa = PBXTargetDependency;
			target = 11470DF62E3FC73900DEF4F7 /* ADHD Mind Companion */;
			targetProxy = 11470E0A2E3FC73A00DEF4F7 /* PBXContainerItemProxy */;
		};
		11470E152E3FC73A00DEF4F7 /* PBXTargetDependency */ = {
			isa = PBXTargetDependency;
			target = 11470DF62E3FC73900DEF4F7 /* ADHD Mind Companion */;
			targetProxy = 11470E142E3FC73A00DEF4F7 /* PBXContainerItemProxy */;
		};
/* End PBXTargetDependency section */

/* Begin XCBuildConfiguration section */
		11470E1B2E3FC73A00DEF4F7 /* Debug */ = {
			isa = XCBuildConfiguration;
			buildSettings = {
				ALWAYS_SEARCH_USER_PATHS = NO;
				ASSETCATALOG_COMPILER_GENERATE_SWIFT_ASSET_SYMBOL_EXTENSIONS = YES;
				CLANG_ANALYZER_NONNULL = YES;
				CLANG_ANALYZER_NUMBER_OBJECT_CONVERSION = YES_AGGRESSIVE;
				CLANG_CXX_LANGUAGE_STANDARD = "gnu++20";
				CLANG_ENABLE_MODULES = YES;
				CLANG_ENABLE_OBJC_ARC = YES;
				CLANG_ENABLE_OBJC_WEAK = YES;
				CLANG_WARN_BLOCK_CAPTURE_AUTORELEASING = YES;
				CLANG_WARN_BOOL_CONVERSION = YES;
				CLANG_WARN_COMMA = YES;
				CLANG_WARN_CONSTANT_CONVERSION = YES;
				CLANG_WARN_DEPRECATED_OBJC_IMPLEMENTATIONS = YES;
				CLANG_WARN_DIRECT_OBJC_ISA_USAGE = YES_ERROR;
				CLANG_WARN_DOCUMENTATION_COMMENTS = YES;
				CLANG_WARN_EMPTY_BODY = YES;
				CLANG_WARN_ENUM_CONVERSION = YES;
				CLANG_WARN_INFINITE_RECURSION = YES;
				CLANG_WARN_INT_CONVERSION = YES;
				CLANG_WARN_NON_LITERAL_NULL_CONVERSION = YES;
				CLANG_WARN_OBJC_IMPLICIT_RETAIN_SELF = YES;
				CLANG_WARN_OBJC_LITERAL_CONVERSION = YES;
				CLANG_WARN_OBJC_ROOT_CLASS = YES_ERROR;
				CLANG_WARN_QUOTED_INCLUDE_IN_FRAMEWORK_HEADER = YES;
				CLANG_WARN_RANGE_LOOP_ANALYSIS = YES;
				CLANG_WARN_STRICT_PROTOTYPES = YES;
				CLANG_WARN_SUSPICIOUS_MOVE = YES;
				CLANG_WARN_UNGUARDED_AVAILABILITY = YES_AGGRESSIVE;
				CLANG_WARN_UNREACHABLE_CODE = YES;
				CLANG_WARN__DUPLICATE_METHOD_MATCH = YES;
				COPY_PHASE_STRIP = NO;
				DEBUG_INFORMATION_FORMAT = dwarf;
				DEVELOPMENT_TEAM = 5C2PL8729F;
				ENABLE_STRICT_OBJC_MSGSEND = YES;
				ENABLE_TESTABILITY = YES;
				ENABLE_USER_SCRIPT_SANDBOXING = YES;
				GCC_C_LANGUAGE_STANDARD = gnu17;
				GCC_DYNAMIC_NO_PIC = NO;
				GCC_NO_COMMON_BLOCKS = YES;
				GCC_OPTIMIZATION_LEVEL = 0;
				GCC_PREPROCESSOR_DEFINITIONS = (
					"DEBUG=1",
					"$(inherited)",
				);
				GCC_WARN_64_TO_32_BIT_CONVERSION = YES;
				GCC_WARN_ABOUT_RETURN_TYPE = YES_ERROR;
				GCC_WARN_UNDECLARED_SELECTOR = YES;
				GCC_WARN_UNINITIALIZED_AUTOS = YES_AGGRESSIVE;
				GCC_WARN_UNUSED_FUNCTION = YES;
				GCC_WARN_UNUSED_VARIABLE = YES;
				IPHONEOS_DEPLOYMENT_TARGET = 18.5;
				LOCALIZATION_PREFERS_STRING_CATALOGS = YES;
				MTL_ENABLE_DEBUG_INFO = INCLUDE_SOURCE;
				MTL_FAST_MATH = YES;
				ONLY_ACTIVE_ARCH = YES;
				SDKROOT = iphoneos;
				SWIFT_ACTIVE_COMPILATION_CONDITIONS = "DEBUG $(inherited)";
				SWIFT_OPTIMIZATION_LEVEL = "-Onone";
			};
			name = Debug;
		};
		11470E1C2E3FC73A00DEF4F7 /* Release */ = {
			isa = XCBuildConfiguration;
			buildSettings = {
				ALWAYS_SEARCH_USER_PATHS = NO;
				ASSETCATALOG_COMPILER_GENERATE_SWIFT_ASSET_SYMBOL_EXTENSIONS = YES;
				CLANG_ANALYZER_NONNULL = YES;
				CLANG_ANALYZER_NUMBER_OBJECT_CONVERSION = YES_AGGRESSIVE;
				CLANG_CXX_LANGUAGE_STANDARD = "gnu++20";
				CLANG_ENABLE_MODULES = YES;
				CLANG_ENABLE_OBJC_ARC = YES;
				CLANG_ENABLE_OBJC_WEAK = YES;
				CLANG_WARN_BLOCK_CAPTURE_AUTORELEASING = YES;
				CLANG_WARN_BOOL_CONVERSION = YES;
				CLANG_WARN_COMMA = YES;
				CLANG_WARN_CONSTANT_CONVERSION = YES;
				CLANG_WARN_DEPRECATED_OBJC_IMPLEMENTATIONS = YES;
				CLANG_WARN_DIRECT_OBJC_ISA_USAGE = YES_ERROR;
				CLANG_WARN_DOCUMENTATION_COMMENTS = YES;
				CLANG_WARN_EMPTY_BODY = YES;
				CLANG_WARN_ENUM_CONVERSION = YES;
				CLANG_WARN_INFINITE_RECURSION = YES;
				CLANG_WARN_INT_CONVERSION = YES;
				CLANG_WARN_NON_LITERAL_NULL_CONVERSION = YES;
				CLANG_WARN_OBJC_IMPLICIT_RETAIN_SELF = YES;
				CLANG_WARN_OBJC_LITERAL_CONVERSION = YES;
				CLANG_WARN_OBJC_ROOT_CLASS = YES_ERROR;
				CLANG_WARN_QUOTED_INCLUDE_IN_FRAMEWORK_HEADER = YES;
				CLANG_WARN_RANGE_LOOP_ANALYSIS = YES;
				CLANG_WARN_STRICT_PROTOTYPES = YES;
				CLANG_WARN_SUSPICIOUS_MOVE = YES;
				CLANG_WARN_UNGUARDED_AVAILABILITY = YES_AGGRESSIVE;
				CLANG_WARN_UNREACHABLE_CODE = YES;
				CLANG_WARN__DUPLICATE_METHOD_MATCH = YES;
				COPY_PHASE_STRIP = NO;
				DEBUG_INFORMATION_FORMAT = "dwarf-with-dsym";
				DEVELOPMENT_TEAM = 5C2PL8729F;
				ENABLE_NS_ASSERTIONS = NO;
				ENABLE_STRICT_OBJC_MSGSEND = YES;
				ENABLE_USER_SCRIPT_SANDBOXING = YES;
				GCC_C_LANGUAGE_STANDARD = gnu17;
				GCC_NO_COMMON_BLOCKS = YES;
				GCC_WARN_64_TO_32_BIT_CONVERSION = YES;
				GCC_WARN_ABOUT_RETURN_TYPE = YES_ERROR;
				GCC_WARN_UNDECLARED_SELECTOR = YES;
				GCC_WARN_UNINITIALIZED_AUTOS = YES_AGGRESSIVE;
				GCC_WARN_UNUSED_FUNCTION = YES;
				GCC_WARN_UNUSED_VARIABLE = YES;
				IPHONEOS_DEPLOYMENT_TARGET = 18.5;
				LOCALIZATION_PREFERS_STRING_CATALOGS = YES;
				MTL_ENABLE_DEBUG_INFO = NO;
				MTL_FAST_MATH = YES;
				SDKROOT = iphoneos;
				SWIFT_COMPILATION_MODE = wholemodule;
				VALIDATE_PRODUCT = YES;
			};
			name = Release;
		};
		11470E1E2E3FC73A00DEF4F7 /* Debug */ = {
			isa = XCBuildConfiguration;
			buildSettings = {
				ASSETCATALOG_COMPILER_APPICON_NAME = AppIcon;
				ASSETCATALOG_COMPILER_GLOBAL_ACCENT_COLOR_NAME = AccentColor;
				CODE_SIGN_STYLE = Automatic;
				CURRENT_PROJECT_VERSION = 1;
				DEVELOPMENT_TEAM = 5C2PL8729F;
				ENABLE_PREVIEWS = YES;
				GENERATE_INFOPLIST_FILE = YES;
				INFOPLIST_KEY_NSMicrophoneUsageDescription = "ADHD Mind Companion needs access to your microphone to capture your thoughts and ideas through voice input";
				INFOPLIST_KEY_NSSpeechRecognitionUsageDescription = "ADHD Mind Companion uses speech recognition to convert your voice into text for creating tasks and notes";
				INFOPLIST_KEY_UIApplicationSceneManifest_Generation = YES;
				INFOPLIST_KEY_UIApplicationSupportsIndirectInputEvents = YES;
				INFOPLIST_KEY_UILaunchScreen_Generation = YES;
				INFOPLIST_KEY_UISupportedInterfaceOrientations = UIInterfaceOrientationPortrait;
				INFOPLIST_KEY_UISupportedInterfaceOrientations_iPad = "UIInterfaceOrientationLandscapeLeft UIInterfaceOrientationLandscapeRight UIInterfaceOrientationPortrait UIInterfaceOrientationPortraitUpsideDown";
				IPHONEOS_DEPLOYMENT_TARGET = 16.6;
				LD_RUNPATH_SEARCH_PATHS = (
					"$(inherited)",
					"@executable_path/Frameworks",
				);
				MARKETING_VERSION = 1.0;
				PRODUCT_BUNDLE_IDENTIFIER = "Shape.ADHD-Mind-Companion";
				PRODUCT_NAME = "$(TARGET_NAME)";
				SUPPORTED_PLATFORMS = "iphoneos iphonesimulator";
				SUPPORTS_MACCATALYST = NO;
				SUPPORTS_MAC_DESIGNED_FOR_IPHONE_IPAD = NO;
				SUPPORTS_XR_DESIGNED_FOR_IPHONE_IPAD = NO;
				SWIFT_EMIT_LOC_STRINGS = YES;
				SWIFT_VERSION = 5.0;
				TARGETED_DEVICE_FAMILY = 1;
			};
			name = Debug;
		};
		11470E1F2E3FC73A00DEF4F7 /* Release */ = {
			isa = XCBuildConfiguration;
			buildSettings = {
				ASSETCATALOG_COMPILER_APPICON_NAME = AppIcon;
				ASSETCATALOG_COMPILER_GLOBAL_ACCENT_COLOR_NAME = AccentColor;
				CODE_SIGN_STYLE = Automatic;
				CURRENT_PROJECT_VERSION = 1;
				DEVELOPMENT_TEAM = 5C2PL8729F;
				ENABLE_PREVIEWS = YES;
				GENERATE_INFOPLIST_FILE = YES;
				INFOPLIST_KEY_NSMicrophoneUsageDescription = "ADHD Mind Companion needs access to your microphone to capture your thoughts and ideas through voice input";
				INFOPLIST_KEY_NSSpeechRecognitionUsageDescription = "ADHD Mind Companion uses speech recognition to convert your voice into text for creating tasks and notes";
				INFOPLIST_KEY_UIApplicationSceneManifest_Generation = YES;
				INFOPLIST_KEY_UIApplicationSupportsIndirectInputEvents = YES;
				INFOPLIST_KEY_UILaunchScreen_Generation = YES;
				INFOPLIST_KEY_UISupportedInterfaceOrientations = UIInterfaceOrientationPortrait;
				INFOPLIST_KEY_UISupportedInterfaceOrientations_iPad = "UIInterfaceOrientationLandscapeLeft UIInterfaceOrientationLandscapeRight UIInterfaceOrientationPortrait UIInterfaceOrientationPortraitUpsideDown";
				IPHONEOS_DEPLOYMENT_TARGET = 16.6;
				LD_RUNPATH_SEARCH_PATHS = (
					"$(inherited)",
					"@executable_path/Frameworks",
				);
				MARKETING_VERSION = 1.0;
				PRODUCT_BUNDLE_IDENTIFIER = "Shape.ADHD-Mind-Companion";
				PRODUCT_NAME = "$(TARGET_NAME)";
				SUPPORTED_PLATFORMS = "iphoneos iphonesimulator";
				SUPPORTS_MACCATALYST = NO;
				SUPPORTS_MAC_DESIGNED_FOR_IPHONE_IPAD = NO;
				SUPPORTS_XR_DESIGNED_FOR_IPHONE_IPAD = NO;
				SWIFT_EMIT_LOC_STRINGS = YES;
				SWIFT_VERSION = 5.0;
				TARGETED_DEVICE_FAMILY = 1;
			};
			name = Release;
		};
		11470E212E3FC73A00DEF4F7 /* Debug */ = {
			isa = XCBuildConfiguration;
			buildSettings = {
				BUNDLE_LOADER = "$(TEST_HOST)";
				CODE_SIGN_STYLE = Automatic;
				CURRENT_PROJECT_VERSION = 1;
				DEVELOPMENT_TEAM = 5C2PL8729F;
				GENERATE_INFOPLIST_FILE = YES;
				IPHONEOS_DEPLOYMENT_TARGET = 18.5;
				MARKETING_VERSION = 1.0;
				PRODUCT_BUNDLE_IDENTIFIER = "Shape.ADHD-Mind-CompanionTests";
				PRODUCT_NAME = "$(TARGET_NAME)";
				SWIFT_EMIT_LOC_STRINGS = NO;
				SWIFT_VERSION = 5.0;
				TARGETED_DEVICE_FAMILY = "1,2";
				TEST_HOST = "$(BUILT_PRODUCTS_DIR)/ADHD Mind Companion.app/$(BUNDLE_EXECUTABLE_FOLDER_PATH)/ADHD Mind Companion";
			};
			name = Debug;
		};
		11470E222E3FC73A00DEF4F7 /* Release */ = {
			isa = XCBuildConfiguration;
			buildSettings = {
				BUNDLE_LOADER = "$(TEST_HOST)";
				CODE_SIGN_STYLE = Automatic;
				CURRENT_PROJECT_VERSION = 1;
				DEVELOPMENT_TEAM = 5C2PL8729F;
				GENERATE_INFOPLIST_FILE = YES;
				IPHONEOS_DEPLOYMENT_TARGET = 18.5;
				MARKETING_VERSION = 1.0;
				PRODUCT_BUNDLE_IDENTIFIER = "Shape.ADHD-Mind-CompanionTests";
				PRODUCT_NAME = "$(TARGET_NAME)";
				SWIFT_EMIT_LOC_STRINGS = NO;
				SWIFT_VERSION = 5.0;
				TARGETED_DEVICE_FAMILY = "1,2";
				TEST_HOST = "$(BUILT_PRODUCTS_DIR)/ADHD Mind Companion.app/$(BUNDLE_EXECUTABLE_FOLDER_PATH)/ADHD Mind Companion";
			};
			name = Release;
		};
		11470E242E3FC73A00DEF4F7 /* Debug */ = {
			isa = XCBuildConfiguration;
			buildSettings = {
				CODE_SIGN_STYLE = Automatic;
				CURRENT_PROJECT_VERSION = 1;
				DEVELOPMENT_TEAM = 5C2PL8729F;
				GENERATE_INFOPLIST_FILE = YES;
				MARKETING_VERSION = 1.0;
				PRODUCT_BUNDLE_IDENTIFIER = "Shape.ADHD-Mind-CompanionUITests";
				PRODUCT_NAME = "$(TARGET_NAME)";
				SWIFT_EMIT_LOC_STRINGS = NO;
				SWIFT_VERSION = 5.0;
				TARGETED_DEVICE_FAMILY = "1,2";
				TEST_TARGET_NAME = "ADHD Mind Companion";
			};
			name = Debug;
		};
		11470E252E3FC73A00DEF4F7 /* Release */ = {
			isa = XCBuildConfiguration;
			buildSettings = {
				CODE_SIGN_STYLE = Automatic;
				CURRENT_PROJECT_VERSION = 1;
				DEVELOPMENT_TEAM = 5C2PL8729F;
				GENERATE_INFOPLIST_FILE = YES;
				MARKETING_VERSION = 1.0;
				PRODUCT_BUNDLE_IDENTIFIER = "Shape.ADHD-Mind-CompanionUITests";
				PRODUCT_NAME = "$(TARGET_NAME)";
				SWIFT_EMIT_LOC_STRINGS = NO;
				SWIFT_VERSION = 5.0;
				TARGETED_DEVICE_FAMILY = "1,2";
				TEST_TARGET_NAME = "ADHD Mind Companion";
			};
			name = Release;
		};
/* End XCBuildConfiguration section */

/* Begin XCConfigurationList section */
		11470DF22E3FC73900DEF4F7 /* Build configuration list for PBXProject "ADHD Mind Companion" */ = {
			isa = XCConfigurationList;
			buildConfigurations = (
				11470E1B2E3FC73A00DEF4F7 /* Debug */,
				11470E1C2E3FC73A00DEF4F7 /* Release */,
			);
			defaultConfigurationIsVisible = 0;
			defaultConfigurationName = Release;
		};
		11470E1D2E3FC73A00DEF4F7 /* Build configuration list for PBXNativeTarget "ADHD Mind Companion" */ = {
			isa = XCConfigurationList;
			buildConfigurations = (
				11470E1E2E3FC73A00DEF4F7 /* Debug */,
				11470E1F2E3FC73A00DEF4F7 /* Release */,
			);
			defaultConfigurationIsVisible = 0;
			defaultConfigurationName = Release;
		};
		11470E202E3FC73A00DEF4F7 /* Build configuration list for PBXNativeTarget "ADHD Mind CompanionTests" */ = {
			isa = XCConfigurationList;
			buildConfigurations = (
				11470E212E3FC73A00DEF4F7 /* Debug */,
				11470E222E3FC73A00DEF4F7 /* Release */,
			);
			defaultConfigurationIsVisible = 0;
			defaultConfigurationName = Release;
		};
		11470E232E3FC73A00DEF4F7 /* Build configuration list for PBXNativeTarget "ADHD Mind CompanionUITests" */ = {
			isa = XCConfigurationList;
			buildConfigurations = (
				11470E242E3FC73A00DEF4F7 /* Debug */,
				11470E252E3FC73A00DEF4F7 /* Release */,
			);
			defaultConfigurationIsVisible = 0;
			defaultConfigurationName = Release;
		};
/* End XCConfigurationList section */
	};
	rootObject = 11470DEF2E3FC73900DEF4F7 /* Project object */;
}
